
Microsoft Visual Studio Solution File, Format Version 12.00
# Visual Studio Version 17
VisualStudioVersion = 17.8.34309.116
MinimumVisualStudioVersion = 10.0.40219.1
Project("{FAE04EC0-301F-11D3-BF4B-00C04F79EFBC}") = "WebApplication1", "WebApplication1\WebApplication1.csproj", "{CAFFF524-6162-4AE2-8872-EE4DC85C3E2B}"
EndProject
Project("{FAE04EC0-301F-11D3-BF4B-00C04F79EFBC}") = "TestProject1", "TestProject1\TestProject1.csproj", "{4E47B2BD-68BE-413F-9311-DC9D83E03D6F}"
EndProject
Global
	GlobalSection(SolutionConfigurationPlatforms) = preSolution
		Debug|Any CPU = Debug|Any CPU
		Release|Any CPU = Release|Any CPU
	EndGlobalSection
	GlobalSection(ProjectConfigurationPlatforms) = postSolution
		{CAFFF524-6162-4AE2-8872-EE4DC85C3E2B}.Debug|Any CPU.ActiveCfg = Debug|Any CPU
		{CAFFF524-6162-4AE2-8872-EE4DC85C3E2B}.Debug|Any CPU.Build.0 = Debug|Any CPU
		{CAFFF524-6162-4AE2-8872-EE4DC85C3E2B}.Release|Any CPU.ActiveCfg = Release|Any CPU
		{CAFFF524-6162-4AE2-8872-EE4DC85C3E2B}.Release|Any CPU.Build.0 = Release|Any CPU
		{4E47B2BD-68BE-413F-9311-DC9D83E03D6F}.Debug|Any CPU.ActiveCfg = Debug|Any CPU
		{4E47B2BD-68BE-413F-9311-DC9D83E03D6F}.Debug|Any CPU.Build.0 = Debug|Any CPU
		{4E47B2BD-68BE-413F-9311-DC9D83E03D6F}.Release|Any CPU.ActiveCfg = Release|Any CPU
		{4E47B2BD-68BE-413F-9311-DC9D83E03D6F}.Release|Any CPU.Build.0 = Release|Any CPU
	EndGlobalSection
	GlobalSection(SolutionProperties) = preSolution
		HideSolutionNode = FALSE
	EndGlobalSection
	GlobalSection(ExtensibilityGlobals) = postSolution
		SolutionGuid = {28C2E60C-3F36-4EED-98A7-F0991BB19B62}
	EndGlobalSection
EndGlobal
